
Microsoft Visual Studio Solution File, Format Version 12.00
# Visual Studio Version 17
VisualStudioVersion = 17.14.36202.13 d17.14
MinimumVisualStudioVersion = 10.0.40219.1
Project("{FAE04EC0-301F-11D3-BF4B-00C04F79EFBC}") = "ReactRunner", "ReactRunner\ReactRunner.csproj", "{8A040022-785D-47CF-9E6D-24926AD13551}"
EndProject
Global
	GlobalSection(SolutionConfigurationPlatforms) = preSolution
		Debug|Any CPU = Debug|Any CPU
		Release|Any CPU = Release|Any CPU
	EndGlobalSection
	GlobalSection(ProjectConfigurationPlatforms) = postSolution
		{8A040022-785D-47CF-9E6D-24926AD13551}.Debug|Any CPU.ActiveCfg = Debug|Any CPU
		{8A040022-785D-47CF-9E6D-24926AD13551}.Debug|Any CPU.Build.0 = Debug|Any CPU
		{8A040022-785D-47CF-9E6D-24926AD13551}.Release|Any CPU.ActiveCfg = Release|Any CPU
		{8A040022-785D-47CF-9E6D-24926AD13551}.Release|Any CPU.Build.0 = Release|Any CPU
	EndGlobalSection
	GlobalSection(SolutionProperties) = preSolution
		HideSolutionNode = FALSE
	EndGlobalSection
	GlobalSection(ExtensibilityGlobals) = postSolution
		SolutionGuid = {3560A75A-40E5-4FD4-9199-20DD24299D85}
	EndGlobalSection
EndGlobal
